
Microsoft Visual Studio Solution File, Format Version 12.00
# Visual Studio 15
Project("{FAE04EC0-301F-11D3-BF4B-00C04F79EFBC}") = "Assembly-CSharp", "Assembly-CSharp.csproj", "{F72D66EF-217B-706A-F39A-87C21FCDB6BB}"
EndProject
Project("{FAE04EC0-301F-11D3-BF4B-00C04F79EFBC}") = "PhotonUnityNetworking.Demos", "PhotonUnityNetworking.Demos.csproj", "{D532372E-1FC1-9CBC-14C1-2D8209689637}"
EndProject
Project("{FAE04EC0-301F-11D3-BF4B-00C04F79EFBC}") = "PhotonUnityNetworking.Utilities", "PhotonUnityNetworking.Utilities.csproj", "{50C8601B-2C84-4A95-9EE5-87009540F0A0}"
EndProject
Project("{FAE04EC0-301F-11D3-BF4B-00C04F79EFBC}") = "PhotonChat", "PhotonChat.csproj", "{07D9D363-1BFD-96D5-8757-6872995FA9B0}"
EndProject
Project("{FAE04EC0-301F-11D3-BF4B-00C04F79EFBC}") = "PhotonUnityNetworking", "PhotonUnityNetworking.csproj", "{0B12D7A9-8665-9AA0-4704-C526A9B8A1AC}"
EndProject
Project("{FAE04EC0-301F-11D3-BF4B-00C04F79EFBC}") = "PhotonRealtime", "PhotonRealtime.csproj", "{7C633B3D-8188-821F-C033-86BF229B8A28}"
EndProject
Project("{FAE04EC0-301F-11D3-BF4B-00C04F79EFBC}") = "PhotonUnityNetworking.Editor", "PhotonUnityNetworking.Editor.csproj", "{26ED7566-F3EC-8394-8104-8CFBC2AAA387}"
EndProject
Project("{FAE04EC0-301F-11D3-BF4B-00C04F79EFBC}") = "PunDemos.DemoSlotcarEditor", "PunDemos.DemoSlotcarEditor.csproj", "{A9CA9FD2-9587-2DC8-6474-9D366B030029}"
EndProject
Project("{FAE04EC0-301F-11D3-BF4B-00C04F79EFBC}") = "Assembly-CSharp-Editor", "Assembly-CSharp-Editor.csproj", "{DDC27992-562F-4971-BFB2-3D42D1C0C3F9}"
EndProject
Project("{FAE04EC0-301F-11D3-BF4B-00C04F79EFBC}") = "PhotonUnityNetworking.Utilities.PhotonPlayer.Editor", "PhotonUnityNetworking.Utilities.PhotonPlayer.Editor.csproj", "{68A1FFAB-D266-FA0F-3033-92D0DEA29C92}"
EndProject
Project("{FAE04EC0-301F-11D3-BF4B-00C04F79EFBC}") = "PhotonUnityNetworking.Utilities.Culling.Editor", "PhotonUnityNetworking.Utilities.Culling.Editor.csproj", "{F2308264-0774-6433-3A88-EC1EBD6CAE78}"
EndProject
Project("{FAE04EC0-301F-11D3-BF4B-00C04F79EFBC}") = "PunDemos.DemoHubEditor", "PunDemos.DemoHubEditor.csproj", "{E6ADAE84-9F5D-32AD-3C0F-DFF10E71AB46}"
EndProject
Global
	GlobalSection(SolutionConfigurationPlatforms) = preSolution
		Debug|Any CPU = Debug|Any CPU
		Release|Any CPU = Release|Any CPU
	EndGlobalSection
	GlobalSection(ProjectConfigurationPlatforms) = postSolution
		{F72D66EF-217B-706A-F39A-87C21FCDB6BB}.Debug|Any CPU.ActiveCfg = Debug|Any CPU
		{F72D66EF-217B-706A-F39A-87C21FCDB6BB}.Debug|Any CPU.Build.0 = Debug|Any CPU
		{F72D66EF-217B-706A-F39A-87C21FCDB6BB}.Release|Any CPU.ActiveCfg = Release|Any CPU
		{F72D66EF-217B-706A-F39A-87C21FCDB6BB}.Release|Any CPU.Build.0 = Release|Any CPU
		{D532372E-1FC1-9CBC-14C1-2D8209689637}.Debug|Any CPU.ActiveCfg = Debug|Any CPU
		{D532372E-1FC1-9CBC-14C1-2D8209689637}.Debug|Any CPU.Build.0 = Debug|Any CPU
		{D532372E-1FC1-9CBC-14C1-2D8209689637}.Release|Any CPU.ActiveCfg = Release|Any CPU
		{D532372E-1FC1-9CBC-14C1-2D8209689637}.Release|Any CPU.Build.0 = Release|Any CPU
		{50C8601B-2C84-4A95-9EE5-87009540F0A0}.Debug|Any CPU.ActiveCfg = Debug|Any CPU
		{50C8601B-2C84-4A95-9EE5-87009540F0A0}.Debug|Any CPU.Build.0 = Debug|Any CPU
		{50C8601B-2C84-4A95-9EE5-87009540F0A0}.Release|Any CPU.ActiveCfg = Release|Any CPU
		{50C8601B-2C84-4A95-9EE5-87009540F0A0}.Release|Any CPU.Build.0 = Release|Any CPU
		{07D9D363-1BFD-96D5-8757-6872995FA9B0}.Debug|Any CPU.ActiveCfg = Debug|Any CPU
		{07D9D363-1BFD-96D5-8757-6872995FA9B0}.Debug|Any CPU.Build.0 = Debug|Any CPU
		{07D9D363-1BFD-96D5-8757-6872995FA9B0}.Release|Any CPU.ActiveCfg = Release|Any CPU
		{07D9D363-1BFD-96D5-8757-6872995FA9B0}.Release|Any CPU.Build.0 = Release|Any CPU
		{0B12D7A9-8665-9AA0-4704-C526A9B8A1AC}.Debug|Any CPU.ActiveCfg = Debug|Any CPU
		{0B12D7A9-8665-9AA0-4704-C526A9B8A1AC}.Debug|Any CPU.Build.0 = Debug|Any CPU
		{0B12D7A9-8665-9AA0-4704-C526A9B8A1AC}.Release|Any CPU.ActiveCfg = Release|Any CPU
		{0B12D7A9-8665-9AA0-4704-C526A9B8A1AC}.Release|Any CPU.Build.0 = Release|Any CPU
		{7C633B3D-8188-821F-C033-86BF229B8A28}.Debug|Any CPU.ActiveCfg = Debug|Any CPU
		{7C633B3D-8188-821F-C033-86BF229B8A28}.Debug|Any CPU.Build.0 = Debug|Any CPU
		{7C633B3D-8188-821F-C033-86BF229B8A28}.Release|Any CPU.ActiveCfg = Release|Any CPU
		{7C633B3D-8188-821F-C033-86BF229B8A28}.Release|Any CPU.Build.0 = Release|Any CPU
		{26ED7566-F3EC-8394-8104-8CFBC2AAA387}.Debug|Any CPU.ActiveCfg = Debug|Any CPU
		{26ED7566-F3EC-8394-8104-8CFBC2AAA387}.Debug|Any CPU.Build.0 = Debug|Any CPU
		{26ED7566-F3EC-8394-8104-8CFBC2AAA387}.Release|Any CPU.ActiveCfg = Release|Any CPU
		{26ED7566-F3EC-8394-8104-8CFBC2AAA387}.Release|Any CPU.Build.0 = Release|Any CPU
		{A9CA9FD2-9587-2DC8-6474-9D366B030029}.Debug|Any CPU.ActiveCfg = Debug|Any CPU
		{A9CA9FD2-9587-2DC8-6474-9D366B030029}.Debug|Any CPU.Build.0 = Debug|Any CPU
		{A9CA9FD2-9587-2DC8-6474-9D366B030029}.Release|Any CPU.ActiveCfg = Release|Any CPU
		{A9CA9FD2-9587-2DC8-6474-9D366B030029}.Release|Any CPU.Build.0 = Release|Any CPU
		{DDC27992-562F-4971-BFB2-3D42D1C0C3F9}.Debug|Any CPU.ActiveCfg = Debug|Any CPU
		{DDC27992-562F-4971-BFB2-3D42D1C0C3F9}.Debug|Any CPU.Build.0 = Debug|Any CPU
		{DDC27992-562F-4971-BFB2-3D42D1C0C3F9}.Release|Any CPU.ActiveCfg = Release|Any CPU
		{DDC27992-562F-4971-BFB2-3D42D1C0C3F9}.Release|Any CPU.Build.0 = Release|Any CPU
		{68A1FFAB-D266-FA0F-3033-92D0DEA29C92}.Debug|Any CPU.ActiveCfg = Debug|Any CPU
		{68A1FFAB-D266-FA0F-3033-92D0DEA29C92}.Debug|Any CPU.Build.0 = Debug|Any CPU
		{68A1FFAB-D266-FA0F-3033-92D0DEA29C92}.Release|Any CPU.ActiveCfg = Release|Any CPU
		{68A1FFAB-D266-FA0F-3033-92D0DEA29C92}.Release|Any CPU.Build.0 = Release|Any CPU
		{F2308264-0774-6433-3A88-EC1EBD6CAE78}.Debug|Any CPU.ActiveCfg = Debug|Any CPU
		{F2308264-0774-6433-3A88-EC1EBD6CAE78}.Debug|Any CPU.Build.0 = Debug|Any CPU
		{F2308264-0774-6433-3A88-EC1EBD6CAE78}.Release|Any CPU.ActiveCfg = Release|Any CPU
		{F2308264-0774-6433-3A88-EC1EBD6CAE78}.Release|Any CPU.Build.0 = Release|Any CPU
		{E6ADAE84-9F5D-32AD-3C0F-DFF10E71AB46}.Debug|Any CPU.ActiveCfg = Debug|Any CPU
		{E6ADAE84-9F5D-32AD-3C0F-DFF10E71AB46}.Debug|Any CPU.Build.0 = Debug|Any CPU
		{E6ADAE84-9F5D-32AD-3C0F-DFF10E71AB46}.Release|Any CPU.ActiveCfg = Release|Any CPU
		{E6ADAE84-9F5D-32AD-3C0F-DFF10E71AB46}.Release|Any CPU.Build.0 = Release|Any CPU
	EndGlobalSection
	GlobalSection(SolutionProperties) = preSolution
		HideSolutionNode = FALSE
	EndGlobalSection
EndGlobal
