
Microsoft Visual Studio Solution File, Format Version 12.00
# Visual Studio Version 17
VisualStudioVersion = 17.4.33213.308
MinimumVisualStudioVersion = 10.0.40219.1
Project("{FAE04EC0-301F-11D3-BF4B-00C04F79EFBC}") = "Assembly-CSharp", "Assembly-CSharp.csproj", "{58D4AABA-5284-486B-1B69-AEC9D537F07E}"
EndProject
Project("{FAE04EC0-301F-11D3-BF4B-00C04F79EFBC}") = "PhotonUnityNetworking.Demos", "PhotonUnityNetworking.Demos.csproj", "{9B63DA5C-9D41-FF8B-0086-58B2866E30DC}"
EndProject
Project("{FAE04EC0-301F-11D3-BF4B-00C04F79EFBC}") = "PhotonRealtime", "PhotonRealtime.csproj", "{D6B5642E-5C6E-ED52-82B1-29AC8B37B73B}"
EndProject
Project("{FAE04EC0-301F-11D3-BF4B-00C04F79EFBC}") = "PhotonUnityNetworking", "PhotonUnityNetworking.csproj", "{199B3F5D-45C0-C304-F33A-7F760015EAFA}"
EndProject
Project("{FAE04EC0-301F-11D3-BF4B-00C04F79EFBC}") = "PhotonUnityNetworking.Utilities", "PhotonUnityNetworking.Utilities.csproj", "{6F59418C-EC2E-9889-760A-BD1494C21445}"
EndProject
Project("{FAE04EC0-301F-11D3-BF4B-00C04F79EFBC}") = "PhotonChat", "PhotonChat.csproj", "{D9E40283-80FA-9D7A-DB39-E33FE7148B00}"
EndProject
Project("{FAE04EC0-301F-11D3-BF4B-00C04F79EFBC}") = "PhotonUnityNetworking.Editor", "PhotonUnityNetworking.Editor.csproj", "{26892DB2-44DE-E651-42E2-C8914C32AB28}"
EndProject
Project("{FAE04EC0-301F-11D3-BF4B-00C04F79EFBC}") = "Assembly-CSharp-Editor", "Assembly-CSharp-Editor.csproj", "{D2EE9938-9AC5-B1FF-E438-112706515474}"
EndProject
Project("{FAE04EC0-301F-11D3-BF4B-00C04F79EFBC}") = "PhotonUnityNetworking.Utilities.PhotonPlayer.Editor", "PhotonUnityNetworking.Utilities.PhotonPlayer.Editor.csproj", "{8BA69457-B7AB-FA78-E5B8-3613A04E6B97}"
EndProject
Project("{FAE04EC0-301F-11D3-BF4B-00C04F79EFBC}") = "PunDemos.DemoSlotcarEditor", "PunDemos.DemoSlotcarEditor.csproj", "{B21D252A-C410-A26F-9214-726F247ECAB4}"
EndProject
Project("{FAE04EC0-301F-11D3-BF4B-00C04F79EFBC}") = "PhotonUnityNetworking.Utilities.Culling.Editor", "PhotonUnityNetworking.Utilities.Culling.Editor.csproj", "{E2BF9CA7-722B-4998-1D4A-AC96AE20240C}"
EndProject
Project("{FAE04EC0-301F-11D3-BF4B-00C04F79EFBC}") = "PunDemos.DemoHubEditor", "PunDemos.DemoHubEditor.csproj", "{A0DBB879-0BDF-D10F-EF28-FDBB4A53A753}"
EndProject
Global
	GlobalSection(SolutionConfigurationPlatforms) = preSolution
		Debug|Any CPU = Debug|Any CPU
		Release|Any CPU = Release|Any CPU
	EndGlobalSection
	GlobalSection(ProjectConfigurationPlatforms) = postSolution
		{58D4AABA-5284-486B-1B69-AEC9D537F07E}.Debug|Any CPU.ActiveCfg = Debug|Any CPU
		{58D4AABA-5284-486B-1B69-AEC9D537F07E}.Debug|Any CPU.Build.0 = Debug|Any CPU
		{58D4AABA-5284-486B-1B69-AEC9D537F07E}.Release|Any CPU.ActiveCfg = Release|Any CPU
		{58D4AABA-5284-486B-1B69-AEC9D537F07E}.Release|Any CPU.Build.0 = Release|Any CPU
		{9B63DA5C-9D41-FF8B-0086-58B2866E30DC}.Debug|Any CPU.ActiveCfg = Debug|Any CPU
		{9B63DA5C-9D41-FF8B-0086-58B2866E30DC}.Debug|Any CPU.Build.0 = Debug|Any CPU
		{9B63DA5C-9D41-FF8B-0086-58B2866E30DC}.Release|Any CPU.ActiveCfg = Release|Any CPU
		{9B63DA5C-9D41-FF8B-0086-58B2866E30DC}.Release|Any CPU.Build.0 = Release|Any CPU
		{D6B5642E-5C6E-ED52-82B1-29AC8B37B73B}.Debug|Any CPU.ActiveCfg = Debug|Any CPU
		{D6B5642E-5C6E-ED52-82B1-29AC8B37B73B}.Debug|Any CPU.Build.0 = Debug|Any CPU
		{D6B5642E-5C6E-ED52-82B1-29AC8B37B73B}.Release|Any CPU.ActiveCfg = Release|Any CPU
		{D6B5642E-5C6E-ED52-82B1-29AC8B37B73B}.Release|Any CPU.Build.0 = Release|Any CPU
		{199B3F5D-45C0-C304-F33A-7F760015EAFA}.Debug|Any CPU.ActiveCfg = Debug|Any CPU
		{199B3F5D-45C0-C304-F33A-7F760015EAFA}.Debug|Any CPU.Build.0 = Debug|Any CPU
		{199B3F5D-45C0-C304-F33A-7F760015EAFA}.Release|Any CPU.ActiveCfg = Release|Any CPU
		{199B3F5D-45C0-C304-F33A-7F760015EAFA}.Release|Any CPU.Build.0 = Release|Any CPU
		{6F59418C-EC2E-9889-760A-BD1494C21445}.Debug|Any CPU.ActiveCfg = Debug|Any CPU
		{6F59418C-EC2E-9889-760A-BD1494C21445}.Debug|Any CPU.Build.0 = Debug|Any CPU
		{6F59418C-EC2E-9889-760A-BD1494C21445}.Release|Any CPU.ActiveCfg = Release|Any CPU
		{6F59418C-EC2E-9889-760A-BD1494C21445}.Release|Any CPU.Build.0 = Release|Any CPU
		{D9E40283-80FA-9D7A-DB39-E33FE7148B00}.Debug|Any CPU.ActiveCfg = Debug|Any CPU
		{D9E40283-80FA-9D7A-DB39-E33FE7148B00}.Debug|Any CPU.Build.0 = Debug|Any CPU
		{D9E40283-80FA-9D7A-DB39-E33FE7148B00}.Release|Any CPU.ActiveCfg = Release|Any CPU
		{D9E40283-80FA-9D7A-DB39-E33FE7148B00}.Release|Any CPU.Build.0 = Release|Any CPU
		{26892DB2-44DE-E651-42E2-C8914C32AB28}.Debug|Any CPU.ActiveCfg = Debug|Any CPU
		{26892DB2-44DE-E651-42E2-C8914C32AB28}.Debug|Any CPU.Build.0 = Debug|Any CPU
		{26892DB2-44DE-E651-42E2-C8914C32AB28}.Release|Any CPU.ActiveCfg = Release|Any CPU
		{26892DB2-44DE-E651-42E2-C8914C32AB28}.Release|Any CPU.Build.0 = Release|Any CPU
		{D2EE9938-9AC5-B1FF-E438-112706515474}.Debug|Any CPU.ActiveCfg = Debug|Any CPU
		{D2EE9938-9AC5-B1FF-E438-112706515474}.Debug|Any CPU.Build.0 = Debug|Any CPU
		{D2EE9938-9AC5-B1FF-E438-112706515474}.Release|Any CPU.ActiveCfg = Release|Any CPU
		{D2EE9938-9AC5-B1FF-E438-112706515474}.Release|Any CPU.Build.0 = Release|Any CPU
		{8BA69457-B7AB-FA78-E5B8-3613A04E6B97}.Debug|Any CPU.ActiveCfg = Debug|Any CPU
		{8BA69457-B7AB-FA78-E5B8-3613A04E6B97}.Debug|Any CPU.Build.0 = Debug|Any CPU
		{8BA69457-B7AB-FA78-E5B8-3613A04E6B97}.Release|Any CPU.ActiveCfg = Release|Any CPU
		{8BA69457-B7AB-FA78-E5B8-3613A04E6B97}.Release|Any CPU.Build.0 = Release|Any CPU
		{B21D252A-C410-A26F-9214-726F247ECAB4}.Debug|Any CPU.ActiveCfg = Debug|Any CPU
		{B21D252A-C410-A26F-9214-726F247ECAB4}.Debug|Any CPU.Build.0 = Debug|Any CPU
		{B21D252A-C410-A26F-9214-726F247ECAB4}.Release|Any CPU.ActiveCfg = Release|Any CPU
		{B21D252A-C410-A26F-9214-726F247ECAB4}.Release|Any CPU.Build.0 = Release|Any CPU
		{E2BF9CA7-722B-4998-1D4A-AC96AE20240C}.Debug|Any CPU.ActiveCfg = Debug|Any CPU
		{E2BF9CA7-722B-4998-1D4A-AC96AE20240C}.Debug|Any CPU.Build.0 = Debug|Any CPU
		{E2BF9CA7-722B-4998-1D4A-AC96AE20240C}.Release|Any CPU.ActiveCfg = Release|Any CPU
		{E2BF9CA7-722B-4998-1D4A-AC96AE20240C}.Release|Any CPU.Build.0 = Release|Any CPU
		{A0DBB879-0BDF-D10F-EF28-FDBB4A53A753}.Debug|Any CPU.ActiveCfg = Debug|Any CPU
		{A0DBB879-0BDF-D10F-EF28-FDBB4A53A753}.Debug|Any CPU.Build.0 = Debug|Any CPU
		{A0DBB879-0BDF-D10F-EF28-FDBB4A53A753}.Release|Any CPU.ActiveCfg = Release|Any CPU
		{A0DBB879-0BDF-D10F-EF28-FDBB4A53A753}.Release|Any CPU.Build.0 = Release|Any CPU
	EndGlobalSection
	GlobalSection(SolutionProperties) = preSolution
		HideSolutionNode = FALSE
	EndGlobalSection
	GlobalSection(ExtensibilityGlobals) = postSolution
		SolutionGuid = {A8F4B2A5-CC62-4A78-ABA4-5B1DBC47DB62}
	EndGlobalSection
EndGlobal
